<?xml version="1.0" encoding="utf-8"?>
<Project ToolsVersion="17.0" xmlns="http://schemas.microsoft.com/developer/msbuild/2003">
  <ItemGroup>
    <CustomBuild Include="C:\Users\taski\source\repos\yakuperoglu\ce103-midterm-yakup-eroglu-hasan-basri-taskin\build_win\CMakeFiles\6acc782c9e84c9d039ea1d14bbaccac4\INSTALL_force.rule">
      <Filter>CMake Rules</Filter>
    </CustomBuild>
  </ItemGroup>
  <ItemGroup>
    <Filter Include="CMake Rules">
      <UniqueIdentifier>{F433BD1A-B512-38AF-BE5F-B635064CC0DC}</UniqueIdentifier>
    </Filter>
  </ItemGroup>
</Project>
