
Microsoft Visual Studio Solution File, Format Version 12.00
# Visual Studio Version 17
Project("{8BC9CEB8-8B4A-11D0-8D11-00A0C91BC942}") = "ALL_BUILD", "ALL_BUILD.vcxproj", "{4581704B-0F71-33C0-BE4C-AB4C771319EC}"
	ProjectSection(ProjectDependencies) = postProject
		{0067C0B2-B907-39E7-B260-D292075238A4} = {0067C0B2-B907-39E7-B260-D292075238A4}
		{37BF0C82-1E9E-3181-A67D-4710182AF17D} = {37BF0C82-1E9E-3181-A67D-4710182AF17D}
		{DBBBE804-BBB1-3B0A-A77F-DFA0A6330801} = {DBBBE804-BBB1-3B0A-A77F-DFA0A6330801}
		{8376AAED-7524-3185-8BC3-2EBC011ED901} = {8376AAED-7524-3185-8BC3-2EBC011ED901}
		{E332A323-9FAF-35D2-9F6D-4662C9D2C2FC} = {E332A323-9FAF-35D2-9F6D-4662C9D2C2FC}
		{92A1E95A-9D27-35E8-BF51-108655AC11CC} = {92A1E95A-9D27-35E8-BF51-108655AC11CC}
	EndProjectSection
EndProject
Project("{8BC9CEB8-8B4A-11D0-8D11-00A0C91BC942}") = "INSTALL", "INSTALL.vcxproj", "{964625E7-059F-360D-A865-E1A45DC6879F}"
	ProjectSection(ProjectDependencies) = postProject
		{4581704B-0F71-33C0-BE4C-AB4C771319EC} = {4581704B-0F71-33C0-BE4C-AB4C771319EC}
		{0067C0B2-B907-39E7-B260-D292075238A4} = {0067C0B2-B907-39E7-B260-D292075238A4}
	EndProjectSection
EndProject
Project("{8BC9CEB8-8B4A-11D0-8D11-00A0C91BC942}") = "RUN_TESTS", "RUN_TESTS.vcxproj", "{A1D96557-E834-38D8-A000-D3B476E01FE5}"
	ProjectSection(ProjectDependencies) = postProject
		{0067C0B2-B907-39E7-B260-D292075238A4} = {0067C0B2-B907-39E7-B260-D292075238A4}
	EndProjectSection
EndProject
Project("{8BC9CEB8-8B4A-11D0-8D11-00A0C91BC942}") = "ZERO_CHECK", "ZERO_CHECK.vcxproj", "{0067C0B2-B907-39E7-B260-D292075238A4}"
	ProjectSection(ProjectDependencies) = postProject
	EndProjectSection
EndProject
Project("{8BC9CEB8-8B4A-11D0-8D11-00A0C91BC942}") = "gtest", "src\tests\googletest-build\googletest\gtest.vcxproj", "{7C7FDBD3-D13B-3B9F-9D94-897F6337AF54}"
	ProjectSection(ProjectDependencies) = postProject
		{0067C0B2-B907-39E7-B260-D292075238A4} = {0067C0B2-B907-39E7-B260-D292075238A4}
	EndProjectSection
EndProject
Project("{8BC9CEB8-8B4A-11D0-8D11-00A0C91BC942}") = "gtest_main", "src\tests\googletest-build\googletest\gtest_main.vcxproj", "{948F1524-281A-3BCF-9B2E-4766D648376E}"
	ProjectSection(ProjectDependencies) = postProject
		{0067C0B2-B907-39E7-B260-D292075238A4} = {0067C0B2-B907-39E7-B260-D292075238A4}
		{7C7FDBD3-D13B-3B9F-9D94-897F6337AF54} = {7C7FDBD3-D13B-3B9F-9D94-897F6337AF54}
	EndProjectSection
EndProject
Project("{8BC9CEB8-8B4A-11D0-8D11-00A0C91BC942}") = "utility", "src\utility\utility.vcxproj", "{37BF0C82-1E9E-3181-A67D-4710182AF17D}"
	ProjectSection(ProjectDependencies) = postProject
		{0067C0B2-B907-39E7-B260-D292075238A4} = {0067C0B2-B907-39E7-B260-D292075238A4}
	EndProjectSection
EndProject
Project("{8BC9CEB8-8B4A-11D0-8D11-00A0C91BC942}") = "utility_tests", "src\tests\utility\utility_tests.vcxproj", "{DBBBE804-BBB1-3B0A-A77F-DFA0A6330801}"
	ProjectSection(ProjectDependencies) = postProject
		{0067C0B2-B907-39E7-B260-D292075238A4} = {0067C0B2-B907-39E7-B260-D292075238A4}
		{7C7FDBD3-D13B-3B9F-9D94-897F6337AF54} = {7C7FDBD3-D13B-3B9F-9D94-897F6337AF54}
		{948F1524-281A-3BCF-9B2E-4766D648376E} = {948F1524-281A-3BCF-9B2E-4766D648376E}
		{37BF0C82-1E9E-3181-A67D-4710182AF17D} = {37BF0C82-1E9E-3181-A67D-4710182AF17D}
	EndProjectSection
EndProject
Project("{8BC9CEB8-8B4A-11D0-8D11-00A0C91BC942}") = "yachtsystem", "src\yachtsystem\yachtsystem.vcxproj", "{8376AAED-7524-3185-8BC3-2EBC011ED901}"
	ProjectSection(ProjectDependencies) = postProject
		{0067C0B2-B907-39E7-B260-D292075238A4} = {0067C0B2-B907-39E7-B260-D292075238A4}
		{37BF0C82-1E9E-3181-A67D-4710182AF17D} = {37BF0C82-1E9E-3181-A67D-4710182AF17D}
	EndProjectSection
EndProject
Project("{8BC9CEB8-8B4A-11D0-8D11-00A0C91BC942}") = "yachtsystem_tests", "src\tests\yachtsystem\yachtsystem_tests.vcxproj", "{E332A323-9FAF-35D2-9F6D-4662C9D2C2FC}"
	ProjectSection(ProjectDependencies) = postProject
		{0067C0B2-B907-39E7-B260-D292075238A4} = {0067C0B2-B907-39E7-B260-D292075238A4}
		{7C7FDBD3-D13B-3B9F-9D94-897F6337AF54} = {7C7FDBD3-D13B-3B9F-9D94-897F6337AF54}
		{948F1524-281A-3BCF-9B2E-4766D648376E} = {948F1524-281A-3BCF-9B2E-4766D648376E}
		{37BF0C82-1E9E-3181-A67D-4710182AF17D} = {37BF0C82-1E9E-3181-A67D-4710182AF17D}
		{8376AAED-7524-3185-8BC3-2EBC011ED901} = {8376AAED-7524-3185-8BC3-2EBC011ED901}
	EndProjectSection
EndProject
Project("{8BC9CEB8-8B4A-11D0-8D11-00A0C91BC942}") = "yachtsystemapp", "src\yachtsystemapp\yachtsystemapp.vcxproj", "{92A1E95A-9D27-35E8-BF51-108655AC11CC}"
	ProjectSection(ProjectDependencies) = postProject
		{0067C0B2-B907-39E7-B260-D292075238A4} = {0067C0B2-B907-39E7-B260-D292075238A4}
		{37BF0C82-1E9E-3181-A67D-4710182AF17D} = {37BF0C82-1E9E-3181-A67D-4710182AF17D}
		{8376AAED-7524-3185-8BC3-2EBC011ED901} = {8376AAED-7524-3185-8BC3-2EBC011ED901}
	EndProjectSection
EndProject
Global
	GlobalSection(SolutionConfigurationPlatforms) = preSolution
		Debug|x64 = Debug|x64
		Release|x64 = Release|x64
	EndGlobalSection
	GlobalSection(ProjectConfigurationPlatforms) = postSolution
		{4581704B-0F71-33C0-BE4C-AB4C771319EC}.Debug|x64.ActiveCfg = Debug|x64
		{4581704B-0F71-33C0-BE4C-AB4C771319EC}.Debug|x64.Build.0 = Debug|x64
		{4581704B-0F71-33C0-BE4C-AB4C771319EC}.Release|x64.ActiveCfg = Release|x64
		{4581704B-0F71-33C0-BE4C-AB4C771319EC}.Release|x64.Build.0 = Release|x64
		{964625E7-059F-360D-A865-E1A45DC6879F}.Debug|x64.ActiveCfg = Debug|x64
		{964625E7-059F-360D-A865-E1A45DC6879F}.Release|x64.ActiveCfg = Release|x64
		{A1D96557-E834-38D8-A000-D3B476E01FE5}.Debug|x64.ActiveCfg = Debug|x64
		{A1D96557-E834-38D8-A000-D3B476E01FE5}.Release|x64.ActiveCfg = Release|x64
		{0067C0B2-B907-39E7-B260-D292075238A4}.Debug|x64.ActiveCfg = Debug|x64
		{0067C0B2-B907-39E7-B260-D292075238A4}.Debug|x64.Build.0 = Debug|x64
		{0067C0B2-B907-39E7-B260-D292075238A4}.Release|x64.ActiveCfg = Release|x64
		{0067C0B2-B907-39E7-B260-D292075238A4}.Release|x64.Build.0 = Release|x64
		{7C7FDBD3-D13B-3B9F-9D94-897F6337AF54}.Debug|x64.ActiveCfg = Debug|x64
		{7C7FDBD3-D13B-3B9F-9D94-897F6337AF54}.Debug|x64.Build.0 = Debug|x64
		{7C7FDBD3-D13B-3B9F-9D94-897F6337AF54}.Release|x64.ActiveCfg = Release|x64
		{7C7FDBD3-D13B-3B9F-9D94-897F6337AF54}.Release|x64.Build.0 = Release|x64
		{948F1524-281A-3BCF-9B2E-4766D648376E}.Debug|x64.ActiveCfg = Debug|x64
		{948F1524-281A-3BCF-9B2E-4766D648376E}.Debug|x64.Build.0 = Debug|x64
		{948F1524-281A-3BCF-9B2E-4766D648376E}.Release|x64.ActiveCfg = Release|x64
		{948F1524-281A-3BCF-9B2E-4766D648376E}.Release|x64.Build.0 = Release|x64
		{37BF0C82-1E9E-3181-A67D-4710182AF17D}.Debug|x64.ActiveCfg = Debug|x64
		{37BF0C82-1E9E-3181-A67D-4710182AF17D}.Debug|x64.Build.0 = Debug|x64
		{37BF0C82-1E9E-3181-A67D-4710182AF17D}.Release|x64.ActiveCfg = Release|x64
		{37BF0C82-1E9E-3181-A67D-4710182AF17D}.Release|x64.Build.0 = Release|x64
		{DBBBE804-BBB1-3B0A-A77F-DFA0A6330801}.Debug|x64.ActiveCfg = Debug|x64
		{DBBBE804-BBB1-3B0A-A77F-DFA0A6330801}.Debug|x64.Build.0 = Debug|x64
		{DBBBE804-BBB1-3B0A-A77F-DFA0A6330801}.Release|x64.ActiveCfg = Release|x64
		{DBBBE804-BBB1-3B0A-A77F-DFA0A6330801}.Release|x64.Build.0 = Release|x64
		{8376AAED-7524-3185-8BC3-2EBC011ED901}.Debug|x64.ActiveCfg = Debug|x64
		{8376AAED-7524-3185-8BC3-2EBC011ED901}.Debug|x64.Build.0 = Debug|x64
		{8376AAED-7524-3185-8BC3-2EBC011ED901}.Release|x64.ActiveCfg = Release|x64
		{8376AAED-7524-3185-8BC3-2EBC011ED901}.Release|x64.Build.0 = Release|x64
		{E332A323-9FAF-35D2-9F6D-4662C9D2C2FC}.Debug|x64.ActiveCfg = Debug|x64
		{E332A323-9FAF-35D2-9F6D-4662C9D2C2FC}.Debug|x64.Build.0 = Debug|x64
		{E332A323-9FAF-35D2-9F6D-4662C9D2C2FC}.Release|x64.ActiveCfg = Release|x64
		{E332A323-9FAF-35D2-9F6D-4662C9D2C2FC}.Release|x64.Build.0 = Release|x64
		{92A1E95A-9D27-35E8-BF51-108655AC11CC}.Debug|x64.ActiveCfg = Debug|x64
		{92A1E95A-9D27-35E8-BF51-108655AC11CC}.Debug|x64.Build.0 = Debug|x64
		{92A1E95A-9D27-35E8-BF51-108655AC11CC}.Release|x64.ActiveCfg = Release|x64
		{92A1E95A-9D27-35E8-BF51-108655AC11CC}.Release|x64.Build.0 = Release|x64
	EndGlobalSection
	GlobalSection(ExtensibilityGlobals) = postSolution
		SolutionGuid = {1925FD2F-364B-396E-B5B7-E4750F36F0D8}
	EndGlobalSection
	GlobalSection(ExtensibilityAddIns) = postSolution
	EndGlobalSection
EndGlobal
