
Microsoft Visual Studio Solution File, Format Version 12.00
# Visual Studio Version 17
Project("{8BC9CEB8-8B4A-11D0-8D11-00A0C91BC942}") = "ALL_BUILD", "ALL_BUILD.vcxproj", "{4581704B-0F71-33C0-BE4C-AB4C771319EC}"
	ProjectSection(ProjectDependencies) = postProject
		{0067C0B2-B907-39E7-B260-D292075238A4} = {0067C0B2-B907-39E7-B260-D292075238A4}
		{5CD76C36-B476-3261-B2D6-756886F3BC4E} = {5CD76C36-B476-3261-B2D6-756886F3BC4E}
		{10FD40D7-FC83-3C3A-B7E6-3133A906F40C} = {10FD40D7-FC83-3C3A-B7E6-3133A906F40C}
		{7C7FDBD3-D13B-3B9F-9D94-897F6337AF54} = {7C7FDBD3-D13B-3B9F-9D94-897F6337AF54}
		{948F1524-281A-3BCF-9B2E-4766D648376E} = {948F1524-281A-3BCF-9B2E-4766D648376E}
	EndProjectSection
EndProject
Project("{8BC9CEB8-8B4A-11D0-8D11-00A0C91BC942}") = "INSTALL", "INSTALL.vcxproj", "{964625E7-059F-360D-A865-E1A45DC6879F}"
	ProjectSection(ProjectDependencies) = postProject
		{4581704B-0F71-33C0-BE4C-AB4C771319EC} = {4581704B-0F71-33C0-BE4C-AB4C771319EC}
		{0067C0B2-B907-39E7-B260-D292075238A4} = {0067C0B2-B907-39E7-B260-D292075238A4}
	EndProjectSection
EndProject
Project("{8BC9CEB8-8B4A-11D0-8D11-00A0C91BC942}") = "RUN_TESTS", "RUN_TESTS.vcxproj", "{A1D96557-E834-38D8-A000-D3B476E01FE5}"
	ProjectSection(ProjectDependencies) = postProject
		{0067C0B2-B907-39E7-B260-D292075238A4} = {0067C0B2-B907-39E7-B260-D292075238A4}
	EndProjectSection
EndProject
Project("{8BC9CEB8-8B4A-11D0-8D11-00A0C91BC942}") = "ZERO_CHECK", "..\..\..\..\\ZERO_CHECK.vcxproj", "{0067C0B2-B907-39E7-B260-D292075238A4}"
	ProjectSection(ProjectDependencies) = postProject
	EndProjectSection
EndProject
Project("{8BC9CEB8-8B4A-11D0-8D11-00A0C91BC942}") = "gmock", "gmock.vcxproj", "{5CD76C36-B476-3261-B2D6-756886F3BC4E}"
	ProjectSection(ProjectDependencies) = postProject
		{0067C0B2-B907-39E7-B260-D292075238A4} = {0067C0B2-B907-39E7-B260-D292075238A4}
	EndProjectSection
EndProject
Project("{8BC9CEB8-8B4A-11D0-8D11-00A0C91BC942}") = "gmock_main", "gmock_main.vcxproj", "{10FD40D7-FC83-3C3A-B7E6-3133A906F40C}"
	ProjectSection(ProjectDependencies) = postProject
		{0067C0B2-B907-39E7-B260-D292075238A4} = {0067C0B2-B907-39E7-B260-D292075238A4}
	EndProjectSection
EndProject
Project("{8BC9CEB8-8B4A-11D0-8D11-00A0C91BC942}") = "gtest", "..\googletest\gtest.vcxproj", "{7C7FDBD3-D13B-3B9F-9D94-897F6337AF54}"
	ProjectSection(ProjectDependencies) = postProject
		{0067C0B2-B907-39E7-B260-D292075238A4} = {0067C0B2-B907-39E7-B260-D292075238A4}
	EndProjectSection
EndProject
Project("{8BC9CEB8-8B4A-11D0-8D11-00A0C91BC942}") = "gtest_main", "..\googletest\gtest_main.vcxproj", "{948F1524-281A-3BCF-9B2E-4766D648376E}"
	ProjectSection(ProjectDependencies) = postProject
		{0067C0B2-B907-39E7-B260-D292075238A4} = {0067C0B2-B907-39E7-B260-D292075238A4}
		{7C7FDBD3-D13B-3B9F-9D94-897F6337AF54} = {7C7FDBD3-D13B-3B9F-9D94-897F6337AF54}
	EndProjectSection
EndProject
Global
	GlobalSection(SolutionConfigurationPlatforms) = preSolution
		Debug|x64 = Debug|x64
		Release|x64 = Release|x64
	EndGlobalSection
	GlobalSection(ProjectConfigurationPlatforms) = postSolution
		{4581704B-0F71-33C0-BE4C-AB4C771319EC}.Debug|x64.ActiveCfg = Debug|x64
		{4581704B-0F71-33C0-BE4C-AB4C771319EC}.Debug|x64.Build.0 = Debug|x64
		{4581704B-0F71-33C0-BE4C-AB4C771319EC}.Release|x64.ActiveCfg = Release|x64
		{4581704B-0F71-33C0-BE4C-AB4C771319EC}.Release|x64.Build.0 = Release|x64
		{964625E7-059F-360D-A865-E1A45DC6879F}.Debug|x64.ActiveCfg = Debug|x64
		{964625E7-059F-360D-A865-E1A45DC6879F}.Release|x64.ActiveCfg = Release|x64
		{A1D96557-E834-38D8-A000-D3B476E01FE5}.Debug|x64.ActiveCfg = Debug|x64
		{A1D96557-E834-38D8-A000-D3B476E01FE5}.Release|x64.ActiveCfg = Release|x64
		{0067C0B2-B907-39E7-B260-D292075238A4}.Debug|x64.ActiveCfg = Debug|x64
		{0067C0B2-B907-39E7-B260-D292075238A4}.Debug|x64.Build.0 = Debug|x64
		{0067C0B2-B907-39E7-B260-D292075238A4}.Release|x64.ActiveCfg = Release|x64
		{0067C0B2-B907-39E7-B260-D292075238A4}.Release|x64.Build.0 = Release|x64
		{5CD76C36-B476-3261-B2D6-756886F3BC4E}.Debug|x64.ActiveCfg = Debug|x64
		{5CD76C36-B476-3261-B2D6-756886F3BC4E}.Debug|x64.Build.0 = Debug|x64
		{5CD76C36-B476-3261-B2D6-756886F3BC4E}.Release|x64.ActiveCfg = Release|x64
		{5CD76C36-B476-3261-B2D6-756886F3BC4E}.Release|x64.Build.0 = Release|x64
		{10FD40D7-FC83-3C3A-B7E6-3133A906F40C}.Debug|x64.ActiveCfg = Debug|x64
		{10FD40D7-FC83-3C3A-B7E6-3133A906F40C}.Debug|x64.Build.0 = Debug|x64
		{10FD40D7-FC83-3C3A-B7E6-3133A906F40C}.Release|x64.ActiveCfg = Release|x64
		{10FD40D7-FC83-3C3A-B7E6-3133A906F40C}.Release|x64.Build.0 = Release|x64
		{7C7FDBD3-D13B-3B9F-9D94-897F6337AF54}.Debug|x64.ActiveCfg = Debug|x64
		{7C7FDBD3-D13B-3B9F-9D94-897F6337AF54}.Debug|x64.Build.0 = Debug|x64
		{7C7FDBD3-D13B-3B9F-9D94-897F6337AF54}.Release|x64.ActiveCfg = Release|x64
		{7C7FDBD3-D13B-3B9F-9D94-897F6337AF54}.Release|x64.Build.0 = Release|x64
		{948F1524-281A-3BCF-9B2E-4766D648376E}.Debug|x64.ActiveCfg = Debug|x64
		{948F1524-281A-3BCF-9B2E-4766D648376E}.Debug|x64.Build.0 = Debug|x64
		{948F1524-281A-3BCF-9B2E-4766D648376E}.Release|x64.ActiveCfg = Release|x64
		{948F1524-281A-3BCF-9B2E-4766D648376E}.Release|x64.Build.0 = Release|x64
	EndGlobalSection
	GlobalSection(ExtensibilityGlobals) = postSolution
		SolutionGuid = {0991090D-299E-35CC-B2D9-857F99D73945}
	EndGlobalSection
	GlobalSection(ExtensibilityAddIns) = postSolution
	EndGlobalSection
EndGlobal
