<?xml version="1.0" encoding="utf-8"?>
<Project ToolsVersion="17.0" xmlns="http://schemas.microsoft.com/developer/msbuild/2003">
  <ItemGroup>
    <ClCompile Include="C:\Users\Yakup\Documents\GitHub\ce103-midterm-yakup-eroglu-hasan-basri-taskin\src\utility\src\mathUtility.cpp">
      <Filter>src</Filter>
    </ClCompile>
  </ItemGroup>
  <ItemGroup>
    <ClInclude Include="C:\Users\Yakup\Documents\GitHub\ce103-midterm-yakup-eroglu-hasan-basri-taskin\src\utility\header\commonTypes.h">
      <Filter>header</Filter>
    </ClInclude>
    <ClInclude Include="C:\Users\Yakup\Documents\GitHub\ce103-midterm-yakup-eroglu-hasan-basri-taskin\src\utility\header\mathUtility.h">
      <Filter>header</Filter>
    </ClInclude>
  </ItemGroup>
  <ItemGroup>
    <CustomBuild Include="C:\Users\Yakup\Documents\GitHub\ce103-midterm-yakup-eroglu-hasan-basri-taskin\src\utility\CMakeLists.txt" />
  </ItemGroup>
  <ItemGroup>
    <Filter Include="header">
      <UniqueIdentifier>{514BDDD4-AF86-368A-A0CF-BFC5BD778B66}</UniqueIdentifier>
    </Filter>
    <Filter Include="src">
      <UniqueIdentifier>{D0D7FDF8-513D-3083-9C67-CFAE1F1C6C74}</UniqueIdentifier>
    </Filter>
  </ItemGroup>
</Project>
