<?xml version="1.0" encoding="utf-8"?>
<Project ToolsVersion="17.0" xmlns="http://schemas.microsoft.com/developer/msbuild/2003">
  <ItemGroup>
    <ClCompile Include="C:\Users\taski\source\repos\yakuperoglu\ce103-midterm-yakup-eroglu-hasan-basri-taskin\src\yachtsystemapp\src\yachtsystemapp.cpp">
      <Filter>src</Filter>
    </ClCompile>
  </ItemGroup>
  <ItemGroup>
    <ClInclude Include="C:\Users\taski\source\repos\yakuperoglu\ce103-midterm-yakup-eroglu-hasan-basri-taskin\src\yachtsystemapp\header\yachtsystemapp.h">
      <Filter>header</Filter>
    </ClInclude>
  </ItemGroup>
  <ItemGroup>
    <CustomBuild Include="C:\Users\taski\source\repos\yakuperoglu\ce103-midterm-yakup-eroglu-hasan-basri-taskin\src\yachtsystemapp\CMakeLists.txt" />
  </ItemGroup>
  <ItemGroup>
    <Filter Include="header">
      <UniqueIdentifier>{D75EBA7B-3147-394D-B1F7-93573E872D2E}</UniqueIdentifier>
    </Filter>
    <Filter Include="src">
      <UniqueIdentifier>{13168989-F978-345C-9E43-D2690F6EAE11}</UniqueIdentifier>
    </Filter>
  </ItemGroup>
</Project>
